// !$*UTF8*$!
{
	archiveVersion = 1;
	classes = {
	};
	objectVersion = 48;
	objects = {

/* Begin PBXBuildFile section */
		4FA4A1ED1FEF618E00CA36E7 /* AppDelegate.swift in Sources */ = {isa = PBXBuildFile; fileRef = 4FA4A1EC1FEF618E00CA36E7 /* AppDelegate.swift */; };
		4FA4A1EF1FEF618E00CA36E7 /* ViewController.swift in Sources */ = {isa = PBXBuildFile; fileRef = 4FA4A1EE1FEF618E00CA36E7 /* ViewController.swift */; };
		4FA4A1F21FEF618E00CA36E7 /* Main.storyboard in Resources */ = {isa = PBXBuildFile; fileRef = 4FA4A1F01FEF618E00CA36E7 /* Main.storyboard */; };
		4FA4A1F51FEF618E00CA36E7 /* Hello.xcdatamodeld in Sources */ = {isa = PBXBuildFile; fileRef = 4FA4A1F31FEF618E00CA36E7 /* Hello.xcdatamodeld */; };
		4FA4A1F71FEF618E00CA36E7 /* Assets.xcassets in Resources */ = {isa = PBXBuildFile; fileRef = 4FA4A1F61FEF618E00CA36E7 /* Assets.xcassets */; };
		4FA4A1FA1FEF618E00CA36E7 /* LaunchScreen.storyboard in Resources */ = {isa = PBXBuildFile; fileRef = 4FA4A1F81FEF618E00CA36E7 /* LaunchScreen.storyboard */; };
		4FA4A2051FEF618E00CA36E7 /* HelloTests.swift in Sources */ = {isa = PBXBuildFile; fileRef = 4FA4A2041FEF618E00CA36E7 /* HelloTests.swift */; };
		4FA4A2101FEF618E00CA36E7 /* HelloUITests.swift in Sources */ = {isa = PBXBuildFile; fileRef = 4FA4A20F1FEF618E00CA36E7 /* HelloUITests.swift */; };
/* End PBXBuildFile section */

/* Begin PBXContainerItemProxy section */
		4FA4A2011FEF618E00CA36E7 /* PBXContainerItemProxy */ = {
			isa = PBXContainerItemProxy;
			containerPortal = 4FA4A1E11FEF618E00CA36E7 /* Project object */;
			proxyType = 1;
			remoteGlobalIDString = 4FA4A1E81FEF618E00CA36E7;
			remoteInfo = Hello;
		};
		4FA4A20C1FEF618E00CA36E7 /* PBXContainerItemProxy */ = {
			isa = PBXContainerItemProxy;
			containerPortal = 4FA4A1E11FEF618E00CA36E7 /* Project object */;
			proxyType = 1;
			remoteGlobalIDString = 4FA4A1E81FEF618E00CA36E7;
			remoteInfo = Hello;
		};
/* End PBXContainerItemProxy section */

/* Begin PBXFileReference section */
		4FA4A1E91FEF618E00CA36E7 /* Hello.app */ = {isa = PBXFileReference; explicitFileType = wrapper.application; includeInIndex = 0; path = Hello.app; sourceTree = BUILT_PRODUCTS_DIR; };
		4FA4A1EC1FEF618E00CA36E7 /* AppDelegate.swift */ = {isa = PBXFileReference; lastKnownFileType = sourcecode.swift; path = AppDelegate.swift; sourceTree = "<group>"; };
		4FA4A1EE1FEF618E00CA36E7 /* ViewController.swift */ = {isa = PBXFileReference; lastKnownFileType = sourcecode.swift; path = ViewController.swift; sourceTree = "<group>"; };
		4FA4A1F11FEF618E00CA36E7 /* Base */ = {isa = PBXFileReference; lastKnownFileType = file.storyboard; name = Base; path = Base.lproj/Main.storyboard; sourceTree = "<group>"; };
		4FA4A1F41FEF618E00CA36E7 /* Hello.xcdatamodel */ = {isa = PBXFileReference; lastKnownFileType = wrapper.xcdatamodel; path = Hello.xcdatamodel; sourceTree = "<group>"; };
		4FA4A1F61FEF618E00CA36E7 /* Assets.xcassets */ = {isa = PBXFileReference; lastKnownFileType = folder.assetcatalog; path = Assets.xcassets; sourceTree = "<group>"; };
		4FA4A1F91FEF618E00CA36E7 /* Base */ = {isa = PBXFileReference; lastKnownFileType = file.storyboard; name = Base; path = Base.lproj/LaunchScreen.storyboard; sourceTree = "<group>"; };
		4FA4A1FB1FEF618E00CA36E7 /* Info.plist */ = {isa = PBXFileReference; lastKnownFileType = text.plist.xml; path = Info.plist; sourceTree = "<group>"; };
		4FA4A2001FEF618E00CA36E7 /* HelloTests.xctest */ = {isa = PBXFileReference; explicitFileType = wrapper.cfbundle; includeInIndex = 0; path = HelloTests.xctest; sourceTree = BUILT_PRODUCTS_DIR; };
		4FA4A2041FEF618E00CA36E7 /* HelloTests.swift */ = {isa = PBXFileReference; lastKnownFileType = sourcecode.swift; path = HelloTests.swift; sourceTree = "<group>"; };
		4FA4A2061FEF618E00CA36E7 /* Info.plist */ = {isa = PBXFileReference; lastKnownFileType = text.plist.xml; path = Info.plist; sourceTree = "<group>"; };
		4FA4A20B1FEF618E00CA36E7 /* HelloUITests.xctest */ = {isa = PBXFileReference; explicitFileType = wrapper.cfbundle; includeInIndex = 0; path = HelloUITests.xctest; sourceTree = BUILT_PRODUCTS_DIR; };
		4FA4A20F1FEF618E00CA36E7 /* HelloUITests.swift */ = {isa = PBXFileReference; lastKnownFileType = sourcecode.swift; path = HelloUITests.swift; sourceTree = "<group>"; };
		4FA4A2111FEF618E00CA36E7 /* Info.plist */ = {isa = PBXFileReference; lastKnownFileType = text.plist.xml; path = Info.plist; sourceTree = "<group>"; };
/* End PBXFileReference section */

/* Begin PBXFrameworksBuildPhase section */
		4FA4A1E61FEF618E00CA36E7 /* Frameworks */ = {
			isa = PBXFrameworksBuildPhase;
			buildActionMask = 2147483647;
			files = (
			);
			runOnlyForDeploymentPostprocessing = 0;
		};
		4FA4A1FD1FEF618E00CA36E7 /* Frameworks */ = {
			isa = PBXFrameworksBuildPhase;
			buildActionMask = 2147483647;
			files = (
			);
			runOnlyForDeploymentPostprocessing = 0;
		};
		4FA4A2081FEF618E00CA36E7 /* Frameworks */ = {
			isa = PBXFrameworksBuildPhase;
			buildActionMask = 2147483647;
			files = (
			);
			runOnlyForDeploymentPostprocessing = 0;
		};
/* End PBXFrameworksBuildPhase section */

/* Begin PBXGroup section */
		4FA4A1E01FEF618E00CA36E7 = {
			isa = PBXGroup;
			children = (
				4FA4A1EB1FEF618E00CA36E7 /* Hello */,
				4FA4A2031FEF618E00CA36E7 /* HelloTests */,
				4FA4A20E1FEF618E00CA36E7 /* HelloUITests */,
				4FA4A1EA1FEF618E00CA36E7 /* Products */,
			);
			sourceTree = "<group>";
		};
		4FA4A1EA1FEF618E00CA36E7 /* Products */ = {
			isa = PBXGroup;
			children = (
				4FA4A1E91FEF618E00CA36E7 /* Hello.app */,
				4FA4A2001FEF618E00CA36E7 /* HelloTests.xctest */,
				4FA4A20B1FEF618E00CA36E7 /* HelloUITests.xctest */,
			);
			name = Products;
			sourceTree = "<group>";
		};
		4FA4A1EB1FEF618E00CA36E7 /* Hello */ = {
			isa = PBXGroup;
			children = (
				4FA4A1EC1FEF618E00CA36E7 /* AppDelegate.swift */,
				4FA4A1EE1FEF618E00CA36E7 /* ViewController.swift */,
				4FA4A1F01FEF618E00CA36E7 /* Main.storyboard */,
				4FA4A1F61FEF618E00CA36E7 /* Assets.xcassets */,
				4FA4A1F81FEF618E00CA36E7 /* LaunchScreen.storyboard */,
				4FA4A1FB1FEF618E00CA36E7 /* Info.plist */,
				4FA4A1F31FEF618E00CA36E7 /* Hello.xcdatamodeld */,
			);
			path = Hello;
			sourceTree = "<group>";
		};
		4FA4A2031FEF618E00CA36E7 /* HelloTests */ = {
			isa = PBXGroup;
			children = (
				4FA4A2041FEF618E00CA36E7 /* HelloTests.swift */,
				4FA4A2061FEF618E00CA36E7 /* Info.plist */,
			);
			path = HelloTests;
			sourceTree = "<group>";
		};
		4FA4A20E1FEF618E00CA36E7 /* HelloUITests */ = {
			isa = PBXGroup;
			children = (
				4FA4A20F1FEF618E00CA36E7 /* HelloUITests.swift */,
				4FA4A2111FEF618E00CA36E7 /* Info.plist */,
			);
			path = HelloUITests;
			sourceTree = "<group>";
		};
/* End PBXGroup section */

/* Begin PBXNativeTarget section */
		4FA4A1E81FEF618E00CA36E7 /* Hello */ = {
			isa = PBXNativeTarget;
			buildConfigurationList = 4FA4A2141FEF618E00CA36E7 /* Build configuration list for PBXNativeTarget "Hello" */;
			buildPhases = (
				4FA4A1E51FEF618E00CA36E7 /* Sources */,
				4FA4A1E61FEF618E00CA36E7 /* Frameworks */,
				4FA4A1E71FEF618E00CA36E7 /* Resources */,
			);
			buildRules = (
			);
			dependencies = (
			);
			name = Hello;
			productName = Hello;
			productReference = 4FA4A1E91FEF618E00CA36E7 /* Hello.app */;
			productType = "com.apple.product-type.application";
		};
		4FA4A1FF1FEF618E00CA36E7 /* HelloTests */ = {
			isa = PBXNativeTarget;
			buildConfigurationList = 4FA4A2171FEF618E00CA36E7 /* Build configuration list for PBXNativeTarget "HelloTests" */;
			buildPhases = (
				4FA4A1FC1FEF618E00CA36E7 /* Sources */,
				4FA4A1FD1FEF618E00CA36E7 /* Frameworks */,
				4FA4A1FE1FEF618E00CA36E7 /* Resources */,
			);
			buildRules = (
			);
			dependencies = (
				4FA4A2021FEF618E00CA36E7 /* PBXTargetDependency */,
			);
			name = HelloTests;
			productName = HelloTests;
			productReference = 4FA4A2001FEF618E00CA36E7 /* HelloTests.xctest */;
			productType = "com.apple.product-type.bundle.unit-test";
		};
		4FA4A20A1FEF618E00CA36E7 /* HelloUITests */ = {
			isa = PBXNativeTarget;
			buildConfigurationList = 4FA4A21A1FEF618E00CA36E7 /* Build configuration list for PBXNativeTarget "HelloUITests" */;
			buildPhases = (
				4FA4A2071FEF618E00CA36E7 /* Sources */,
				4FA4A2081FEF618E00CA36E7 /* Frameworks */,
				4FA4A2091FEF618E00CA36E7 /* Resources */,
			);
			buildRules = (
			);
			dependencies = (
				4FA4A20D1FEF618E00CA36E7 /* PBXTargetDependency */,
			);
			name = HelloUITests;
			productName = HelloUITests;
			productReference = 4FA4A20B1FEF618E00CA36E7 /* HelloUITests.xctest */;
			productType = "com.apple.product-type.bundle.ui-testing";
		};
/* End PBXNativeTarget section */

/* Begin PBXProject section */
		4FA4A1E11FEF618E00CA36E7 /* Project object */ = {
			isa = PBXProject;
			attributes = {
				LastSwiftUpdateCheck = 0910;
				LastUpgradeCheck = 0910;
				ORGANIZATIONNAME = "植田丞";
				TargetAttributes = {
					4FA4A1E81FEF618E00CA36E7 = {
						CreatedOnToolsVersion = 9.1;
						ProvisioningStyle = Automatic;
					};
					4FA4A1FF1FEF618E00CA36E7 = {
						CreatedOnToolsVersion = 9.1;
						ProvisioningStyle = Automatic;
						TestTargetID = 4FA4A1E81FEF618E00CA36E7;
					};
					4FA4A20A1FEF618E00CA36E7 = {
						CreatedOnToolsVersion = 9.1;
						ProvisioningStyle = Automatic;
						TestTargetID = 4FA4A1E81FEF618E00CA36E7;
					};
				};
			};
			buildConfigurationList = 4FA4A1E41FEF618E00CA36E7 /* Build configuration list for PBXProject "Hello" */;
			compatibilityVersion = "Xcode 8.0";
			developmentRegion = en;
			hasScannedForEncodings = 0;
			knownRegions = (
				en,
				Base,
			);
			mainGroup = 4FA4A1E01FEF618E00CA36E7;
			productRefGroup = 4FA4A1EA1FEF618E00CA36E7 /* Products */;
			projectDirPath = "";
			projectRoot = "";
			targets = (
				4FA4A1E81FEF618E00CA36E7 /* Hello */,
				4FA4A1FF1FEF618E00CA36E7 /* HelloTests */,
				4FA4A20A1FEF618E00CA36E7 /* HelloUITests */,
			);
		};
/* End PBXProject section */

/* Begin PBXResourcesBuildPhase section */
		4FA4A1E71FEF618E00CA36E7 /* Resources */ = {
			isa = PBXResourcesBuildPhase;
			buildActionMask = 2147483647;
			files = (
				4FA4A1FA1FEF618E00CA36E7 /* LaunchScreen.storyboard in Resources */,
				4FA4A1F71FEF618E00CA36E7 /* Assets.xcassets in Resources */,
				4FA4A1F21FEF618E00CA36E7 /* Main.storyboard in Resources */,
			);
			runOnlyForDeploymentPostprocessing = 0;
		};
		4FA4A1FE1FEF618E00CA36E7 /* Resources */ = {
			isa = PBXResourcesBuildPhase;
			buildActionMask = 2147483647;
			files = (
			);
			runOnlyForDeploymentPostprocessing = 0;
		};
		4FA4A2091FEF618E00CA36E7 /* Resources */ = {
			isa = PBXResourcesBuildPhase;
			buildActionMask = 2147483647;
			files = (
			);
			runOnlyForDeploymentPostprocessing = 0;
		};
/* End PBXResourcesBuildPhase section */

/* Begin PBXSourcesBuildPhase section */
		4FA4A1E51FEF618E00CA36E7 /* Sources */ = {
			isa = PBXSourcesBuildPhase;
			buildActionMask = 2147483647;
			files = (
				4FA4A1EF1FEF618E00CA36E7 /* ViewController.swift in Sources */,
				4FA4A1F51FEF618E00CA36E7 /* Hello.xcdatamodeld in Sources */,
				4FA4A1ED1FEF618E00CA36E7 /* AppDelegate.swift in Sources */,
			);
			runOnlyForDeploymentPostprocessing = 0;
		};
		4FA4A1FC1FEF618E00CA36E7 /* Sources */ = {
			isa = PBXSourcesBuildPhase;
			buildActionMask = 2147483647;
			files = (
				4FA4A2051FEF618E00CA36E7 /* HelloTests.swift in Sources */,
			);
			runOnlyForDeploymentPostprocessing = 0;
		};
		4FA4A2071FEF618E00CA36E7 /* Sources */ = {
			isa = PBXSourcesBuildPhase;
			buildActionMask = 2147483647;
			files = (
				4FA4A2101FEF618E00CA36E7 /* HelloUITests.swift in Sources */,
			);
			runOnlyForDeploymentPostprocessing = 0;
		};
/* End PBXSourcesBuildPhase section */

/* Begin PBXTargetDependency section */
		4FA4A2021FEF618E00CA36E7 /* PBXTargetDependency */ = {
			isa = PBXTargetDependency;
			target = 4FA4A1E81FEF618E00CA36E7 /* Hello */;
			targetProxy = 4FA4A2011FEF618E00CA36E7 /* PBXContainerItemProxy */;
		};
		4FA4A20D1FEF618E00CA36E7 /* PBXTargetDependency */ = {
			isa = PBXTargetDependency;
			target = 4FA4A1E81FEF618E00CA36E7 /* Hello */;
			targetProxy = 4FA4A20C1FEF618E00CA36E7 /* PBXContainerItemProxy */;
		};
/* End PBXTargetDependency section */

/* Begin PBXVariantGroup section */
		4FA4A1F01FEF618E00CA36E7 /* Main.storyboard */ = {
			isa = PBXVariantGroup;
			children = (
				4FA4A1F11FEF618E00CA36E7 /* Base */,
			);
			name = Main.storyboard;
			sourceTree = "<group>";
		};
		4FA4A1F81FEF618E00CA36E7 /* LaunchScreen.storyboard */ = {
			isa = PBXVariantGroup;
			children = (
				4FA4A1F91FEF618E00CA36E7 /* Base */,
			);
			name = LaunchScreen.storyboard;
			sourceTree = "<group>";
		};
/* End PBXVariantGroup section */

/* Begin XCBuildConfiguration section */
		4FA4A2121FEF618E00CA36E7 /* Debug */ = {
			isa = XCBuildConfiguration;
			buildSettings = {
				ALWAYS_SEARCH_USER_PATHS = NO;
				CLANG_ANALYZER_NONNULL = YES;
				CLANG_ANALYZER_NUMBER_OBJECT_CONVERSION = YES_AGGRESSIVE;
				CLANG_CXX_LANGUAGE_STANDARD = "gnu++14";
				CLANG_CXX_LIBRARY = "libc++";
				CLANG_ENABLE_MODULES = YES;
				CLANG_ENABLE_OBJC_ARC = YES;
				CLANG_WARN_BLOCK_CAPTURE_AUTORELEASING = YES;
				CLANG_WARN_BOOL_CONVERSION = YES;
				CLANG_WARN_COMMA = YES;
				CLANG_WARN_CONSTANT_CONVERSION = YES;
				CLANG_WARN_DIRECT_OBJC_ISA_USAGE = YES_ERROR;
				CLANG_WARN_DOCUMENTATION_COMMENTS = YES;
				CLANG_WARN_EMPTY_BODY = YES;
				CLANG_WARN_ENUM_CONVERSION = YES;
				CLANG_WARN_INFINITE_RECURSION = YES;
				CLANG_WARN_INT_CONVERSION = YES;
				CLANG_WARN_NON_LITERAL_NULL_CONVERSION = YES;
				CLANG_WARN_OBJC_LITERAL_CONVERSION = YES;
				CLANG_WARN_OBJC_ROOT_CLASS = YES_ERROR;
				CLANG_WARN_RANGE_LOOP_ANALYSIS = YES;
				CLANG_WARN_STRICT_PROTOTYPES = YES;
				CLANG_WARN_SUSPICIOUS_MOVE = YES;
				CLANG_WARN_UNGUARDED_AVAILABILITY = YES_AGGRESSIVE;
				CLANG_WARN_UNREACHABLE_CODE = YES;
				CLANG_WARN__DUPLICATE_METHOD_MATCH = YES;
				CODE_SIGN_IDENTITY = "iPhone Developer";
				COPY_PHASE_STRIP = NO;
				DEBUG_INFORMATION_FORMAT = dwarf;
				ENABLE_STRICT_OBJC_MSGSEND = YES;
				ENABLE_TESTABILITY = YES;
				GCC_C_LANGUAGE_STANDARD = gnu11;
				GCC_DYNAMIC_NO_PIC = NO;
				GCC_NO_COMMON_BLOCKS = YES;
				GCC_OPTIMIZATION_LEVEL = 0;
				GCC_PREPROCESSOR_DEFINITIONS = (
					"DEBUG=1",
					"$(inherited)",
				);
				GCC_WARN_64_TO_32_BIT_CONVERSION = YES;
				GCC_WARN_ABOUT_RETURN_TYPE = YES_ERROR;
				GCC_WARN_UNDECLARED_SELECTOR = YES;
				GCC_WARN_UNINITIALIZED_AUTOS = YES_AGGRESSIVE;
				GCC_WARN_UNUSED_FUNCTION = YES;
				GCC_WARN_UNUSED_VARIABLE = YES;
				IPHONEOS_DEPLOYMENT_TARGET = 11.1;
				MTL_ENABLE_DEBUG_INFO = YES;
				ONLY_ACTIVE_ARCH = YES;
				SDKROOT = iphoneos;
				SWIFT_ACTIVE_COMPILATION_CONDITIONS = DEBUG;
				SWIFT_OPTIMIZATION_LEVEL = "-Onone";
			};
			name = Debug;
		};
		4FA4A2131FEF618E00CA36E7 /* Release */ = {
			isa = XCBuildConfiguration;
			buildSettings = {
				ALWAYS_SEARCH_USER_PATHS = NO;
				CLANG_ANALYZER_NONNULL = YES;
				CLANG_ANALYZER_NUMBER_OBJECT_CONVERSION = YES_AGGRESSIVE;
				CLANG_CXX_LANGUAGE_STANDARD = "gnu++14";
				CLANG_CXX_LIBRARY = "libc++";
				CLANG_ENABLE_MODULES = YES;
				CLANG_ENABLE_OBJC_ARC = YES;
				CLANG_WARN_BLOCK_CAPTURE_AUTORELEASING = YES;
				CLANG_WARN_BOOL_CONVERSION = YES;
				CLANG_WARN_COMMA = YES;
				CLANG_WARN_CONSTANT_CONVERSION = YES;
				CLANG_WARN_DIRECT_OBJC_ISA_USAGE = YES_ERROR;
				CLANG_WARN_DOCUMENTATION_COMMENTS = YES;
				CLANG_WARN_EMPTY_BODY = YES;
				CLANG_WARN_ENUM_CONVERSION = YES;
				CLANG_WARN_INFINITE_RECURSION = YES;
				CLANG_WARN_INT_CONVERSION = YES;
				CLANG_WARN_NON_LITERAL_NULL_CONVERSION = YES;
				CLANG_WARN_OBJC_LITERAL_CONVERSION = YES;
				CLANG_WARN_OBJC_ROOT_CLASS = YES_ERROR;
				CLANG_WARN_RANGE_LOOP_ANALYSIS = YES;
				CLANG_WARN_STRICT_PROTOTYPES = YES;
				CLANG_WARN_SUSPICIOUS_MOVE = YES;
				CLANG_WARN_UNGUARDED_AVAILABILITY = YES_AGGRESSIVE;
				CLANG_WARN_UNREACHABLE_CODE = YES;
				CLANG_WARN__DUPLICATE_METHOD_MATCH = YES;
				CODE_SIGN_IDENTITY = "iPhone Developer";
				COPY_PHASE_STRIP = NO;
				DEBUG_INFORMATION_FORMAT = "dwarf-with-dsym";
				ENABLE_NS_ASSERTIONS = NO;
				ENABLE_STRICT_OBJC_MSGSEND = YES;
				GCC_C_LANGUAGE_STANDARD = gnu11;
				GCC_NO_COMMON_BLOCKS = YES;
				GCC_WARN_64_TO_32_BIT_CONVERSION = YES;
				GCC_WARN_ABOUT_RETURN_TYPE = YES_ERROR;
				GCC_WARN_UNDECLARED_SELECTOR = YES;
				GCC_WARN_UNINITIALIZED_AUTOS = YES_AGGRESSIVE;
				GCC_WARN_UNUSED_FUNCTION = YES;
				GCC_WARN_UNUSED_VARIABLE = YES;
				IPHONEOS_DEPLOYMENT_TARGET = 11.1;
				MTL_ENABLE_DEBUG_INFO = NO;
				SDKROOT = iphoneos;
				SWIFT_OPTIMIZATION_LEVEL = "-Owholemodule";
				VALIDATE_PRODUCT = YES;
			};
			name = Release;
		};
		4FA4A2151FEF618E00CA36E7 /* Debug */ = {
			isa = XCBuildConfiguration;
			buildSettings = {
				ASSETCATALOG_COMPILER_APPICON_NAME = AppIcon;
				CODE_SIGN_STYLE = Automatic;
				INFOPLIST_FILE = Hello/Info.plist;
				LD_RUNPATH_SEARCH_PATHS = "$(inherited) @executable_path/Frameworks";
				PRODUCT_BUNDLE_IDENTIFIER = com.google.weta00com.Hello;
				PRODUCT_NAME = "$(TARGET_NAME)";
				SWIFT_VERSION = 4.0;
				TARGETED_DEVICE_FAMILY = "1,2";
			};
			name = Debug;
		};
		4FA4A2161FEF618E00CA36E7 /* Release */ = {
			isa = XCBuildConfiguration;
			buildSettings = {
				ASSETCATALOG_COMPILER_APPICON_NAME = AppIcon;
				CODE_SIGN_STYLE = Automatic;
				INFOPLIST_FILE = Hello/Info.plist;
				LD_RUNPATH_SEARCH_PATHS = "$(inherited) @executable_path/Frameworks";
				PRODUCT_BUNDLE_IDENTIFIER = com.google.weta00com.Hello;
				PRODUCT_NAME = "$(TARGET_NAME)";
				SWIFT_VERSION = 4.0;
				TARGETED_DEVICE_FAMILY = "1,2";
			};
			name = Release;
		};
		4FA4A2181FEF618E00CA36E7 /* Debug */ = {
			isa = XCBuildConfiguration;
			buildSettings = {
				ALWAYS_EMBED_SWIFT_STANDARD_LIBRARIES = YES;
				BUNDLE_LOADER = "$(TEST_HOST)";
				CODE_SIGN_STYLE = Automatic;
				INFOPLIST_FILE = HelloTests/Info.plist;
				LD_RUNPATH_SEARCH_PATHS = "$(inherited) @executable_path/Frameworks @loader_path/Frameworks";
				PRODUCT_BUNDLE_IDENTIFIER = com.google.weta00com.HelloTests;
				PRODUCT_NAME = "$(TARGET_NAME)";
				SWIFT_VERSION = 4.0;
				TARGETED_DEVICE_FAMILY = "1,2";
				TEST_HOST = "$(BUILT_PRODUCTS_DIR)/Hello.app/Hello";
			};
			name = Debug;
		};
		4FA4A2191FEF618E00CA36E7 /* Release */ = {
			isa = XCBuildConfiguration;
			buildSettings = {
				ALWAYS_EMBED_SWIFT_STANDARD_LIBRARIES = YES;
				BUNDLE_LOADER = "$(TEST_HOST)";
				CODE_SIGN_STYLE = Automatic;
				INFOPLIST_FILE = HelloTests/Info.plist;
				LD_RUNPATH_SEARCH_PATHS = "$(inherited) @executable_path/Frameworks @loader_path/Frameworks";
				PRODUCT_BUNDLE_IDENTIFIER = com.google.weta00com.HelloTests;
				PRODUCT_NAME = "$(TARGET_NAME)";
				SWIFT_VERSION = 4.0;
				TARGETED_DEVICE_FAMILY = "1,2";
				TEST_HOST = "$(BUILT_PRODUCTS_DIR)/Hello.app/Hello";
			};
			name = Release;
		};
		4FA4A21B1FEF618E00CA36E7 /* Debug */ = {
			isa = XCBuildConfiguration;
			buildSettings = {
				ALWAYS_EMBED_SWIFT_STANDARD_LIBRARIES = YES;
				CODE_SIGN_STYLE = Automatic;
				INFOPLIST_FILE = HelloUITests/Info.plist;
				LD_RUNPATH_SEARCH_PATHS = "$(inherited) @executable_path/Frameworks @loader_path/Frameworks";
				PRODUCT_BUNDLE_IDENTIFIER = com.google.weta00com.HelloUITests;
				PRODUCT_NAME = "$(TARGET_NAME)";
				SWIFT_VERSION = 4.0;
				TARGETED_DEVICE_FAMILY = "1,2";
				TEST_TARGET_NAME = Hello;
			};
			name = Debug;
		};
		4FA4A21C1FEF618E00CA36E7 /* Release */ = {
			isa = XCBuildConfiguration;
			buildSettings = {
				ALWAYS_EMBED_SWIFT_STANDARD_LIBRARIES = YES;
				CODE_SIGN_STYLE = Automatic;
				INFOPLIST_FILE = HelloUITests/Info.plist;
				LD_RUNPATH_SEARCH_PATHS = "$(inherited) @executable_path/Frameworks @loader_path/Frameworks";
				PRODUCT_BUNDLE_IDENTIFIER = com.google.weta00com.HelloUITests;
				PRODUCT_NAME = "$(TARGET_NAME)";
				SWIFT_VERSION = 4.0;
				TARGETED_DEVICE_FAMILY = "1,2";
				TEST_TARGET_NAME = Hello;
			};
			name = Release;
		};
/* End XCBuildConfiguration section */

/* Begin XCConfigurationList section */
		4FA4A1E41FEF618E00CA36E7 /* Build configuration list for PBXProject "Hello" */ = {
			isa = XCConfigurationList;
			buildConfigurations = (
				4FA4A2121FEF618E00CA36E7 /* Debug */,
				4FA4A2131FEF618E00CA36E7 /* Release */,
			);
			defaultConfigurationIsVisible = 0;
			defaultConfigurationName = Release;
		};
		4FA4A2141FEF618E00CA36E7 /* Build configuration list for PBXNativeTarget "Hello" */ = {
			isa = XCConfigurationList;
			buildConfigurations = (
				4FA4A2151FEF618E00CA36E7 /* Debug */,
				4FA4A2161FEF618E00CA36E7 /* Release */,
			);
			defaultConfigurationIsVisible = 0;
			defaultConfigurationName = Release;
		};
		4FA4A2171FEF618E00CA36E7 /* Build configuration list for PBXNativeTarget "HelloTests" */ = {
			isa = XCConfigurationList;
			buildConfigurations = (
				4FA4A2181FEF618E00CA36E7 /* Debug */,
				4FA4A2191FEF618E00CA36E7 /* Release */,
			);
			defaultConfigurationIsVisible = 0;
			defaultConfigurationName = Release;
		};
		4FA4A21A1FEF618E00CA36E7 /* Build configuration list for PBXNativeTarget "HelloUITests" */ = {
			isa = XCConfigurationList;
			buildConfigurations = (
				4FA4A21B1FEF618E00CA36E7 /* Debug */,
				4FA4A21C1FEF618E00CA36E7 /* Release */,
			);
			defaultConfigurationIsVisible = 0;
			defaultConfigurationName = Release;
		};
/* End XCConfigurationList section */

/* Begin XCVersionGroup section */
		4FA4A1F31FEF618E00CA36E7 /* Hello.xcdatamodeld */ = {
			isa = XCVersionGroup;
			children = (
				4FA4A1F41FEF618E00CA36E7 /* Hello.xcdatamodel */,
			);
			currentVersion = 4FA4A1F41FEF618E00CA36E7 /* Hello.xcdatamodel */;
			path = Hello.xcdatamodeld;
			sourceTree = "<group>";
			versionGroupType = wrapper.xcdatamodel;
		};
/* End XCVersionGroup section */
	};
	rootObject = 4FA4A1E11FEF618E00CA36E7 /* Project object */;
}
