// !$*UTF8*$!
{
	archiveVersion = 1;
	classes = {
	};
	objectVersion = 48;
	objects = {

/* Begin PBXBuildFile section */
		4FB35A5B1FEF9230005BBFD9 /* AppDelegate.swift in Sources */ = {isa = PBXBuildFile; fileRef = 4FB35A5A1FEF9230005BBFD9 /* AppDelegate.swift */; };
		4FB35A5D1FEF9230005BBFD9 /* ViewController.swift in Sources */ = {isa = PBXBuildFile; fileRef = 4FB35A5C1FEF9230005BBFD9 /* ViewController.swift */; };
		4FB35A601FEF9230005BBFD9 /* Main.storyboard in Resources */ = {isa = PBXBuildFile; fileRef = 4FB35A5E1FEF9230005BBFD9 /* Main.storyboard */; };
		4FB35A631FEF9230005BBFD9 /* Slider.xcdatamodeld in Sources */ = {isa = PBXBuildFile; fileRef = 4FB35A611FEF9230005BBFD9 /* Slider.xcdatamodeld */; };
		4FB35A651FEF9230005BBFD9 /* Assets.xcassets in Resources */ = {isa = PBXBuildFile; fileRef = 4FB35A641FEF9230005BBFD9 /* Assets.xcassets */; };
		4FB35A681FEF9230005BBFD9 /* LaunchScreen.storyboard in Resources */ = {isa = PBXBuildFile; fileRef = 4FB35A661FEF9230005BBFD9 /* LaunchScreen.storyboard */; };
		4FB35A731FEF9230005BBFD9 /* SliderTests.swift in Sources */ = {isa = PBXBuildFile; fileRef = 4FB35A721FEF9230005BBFD9 /* SliderTests.swift */; };
		4FB35A7E1FEF9230005BBFD9 /* SliderUITests.swift in Sources */ = {isa = PBXBuildFile; fileRef = 4FB35A7D1FEF9230005BBFD9 /* SliderUITests.swift */; };
/* End PBXBuildFile section */

/* Begin PBXContainerItemProxy section */
		4FB35A6F1FEF9230005BBFD9 /* PBXContainerItemProxy */ = {
			isa = PBXContainerItemProxy;
			containerPortal = 4FB35A4F1FEF9230005BBFD9 /* Project object */;
			proxyType = 1;
			remoteGlobalIDString = 4FB35A561FEF9230005BBFD9;
			remoteInfo = Slider;
		};
		4FB35A7A1FEF9230005BBFD9 /* PBXContainerItemProxy */ = {
			isa = PBXContainerItemProxy;
			containerPortal = 4FB35A4F1FEF9230005BBFD9 /* Project object */;
			proxyType = 1;
			remoteGlobalIDString = 4FB35A561FEF9230005BBFD9;
			remoteInfo = Slider;
		};
/* End PBXContainerItemProxy section */

/* Begin PBXFileReference section */
		4FB35A571FEF9230005BBFD9 /* Slider.app */ = {isa = PBXFileReference; explicitFileType = wrapper.application; includeInIndex = 0; path = Slider.app; sourceTree = BUILT_PRODUCTS_DIR; };
		4FB35A5A1FEF9230005BBFD9 /* AppDelegate.swift */ = {isa = PBXFileReference; lastKnownFileType = sourcecode.swift; path = AppDelegate.swift; sourceTree = "<group>"; };
		4FB35A5C1FEF9230005BBFD9 /* ViewController.swift */ = {isa = PBXFileReference; lastKnownFileType = sourcecode.swift; path = ViewController.swift; sourceTree = "<group>"; };
		4FB35A5F1FEF9230005BBFD9 /* Base */ = {isa = PBXFileReference; lastKnownFileType = file.storyboard; name = Base; path = Base.lproj/Main.storyboard; sourceTree = "<group>"; };
		4FB35A621FEF9230005BBFD9 /* Slider.xcdatamodel */ = {isa = PBXFileReference; lastKnownFileType = wrapper.xcdatamodel; path = Slider.xcdatamodel; sourceTree = "<group>"; };
		4FB35A641FEF9230005BBFD9 /* Assets.xcassets */ = {isa = PBXFileReference; lastKnownFileType = folder.assetcatalog; path = Assets.xcassets; sourceTree = "<group>"; };
		4FB35A671FEF9230005BBFD9 /* Base */ = {isa = PBXFileReference; lastKnownFileType = file.storyboard; name = Base; path = Base.lproj/LaunchScreen.storyboard; sourceTree = "<group>"; };
		4FB35A691FEF9230005BBFD9 /* Info.plist */ = {isa = PBXFileReference; lastKnownFileType = text.plist.xml; path = Info.plist; sourceTree = "<group>"; };
		4FB35A6E1FEF9230005BBFD9 /* SliderTests.xctest */ = {isa = PBXFileReference; explicitFileType = wrapper.cfbundle; includeInIndex = 0; path = SliderTests.xctest; sourceTree = BUILT_PRODUCTS_DIR; };
		4FB35A721FEF9230005BBFD9 /* SliderTests.swift */ = {isa = PBXFileReference; lastKnownFileType = sourcecode.swift; path = SliderTests.swift; sourceTree = "<group>"; };
		4FB35A741FEF9230005BBFD9 /* Info.plist */ = {isa = PBXFileReference; lastKnownFileType = text.plist.xml; path = Info.plist; sourceTree = "<group>"; };
		4FB35A791FEF9230005BBFD9 /* SliderUITests.xctest */ = {isa = PBXFileReference; explicitFileType = wrapper.cfbundle; includeInIndex = 0; path = SliderUITests.xctest; sourceTree = BUILT_PRODUCTS_DIR; };
		4FB35A7D1FEF9230005BBFD9 /* SliderUITests.swift */ = {isa = PBXFileReference; lastKnownFileType = sourcecode.swift; path = SliderUITests.swift; sourceTree = "<group>"; };
		4FB35A7F1FEF9230005BBFD9 /* Info.plist */ = {isa = PBXFileReference; lastKnownFileType = text.plist.xml; path = Info.plist; sourceTree = "<group>"; };
/* End PBXFileReference section */

/* Begin PBXFrameworksBuildPhase section */
		4FB35A541FEF9230005BBFD9 /* Frameworks */ = {
			isa = PBXFrameworksBuildPhase;
			buildActionMask = 2147483647;
			files = (
			);
			runOnlyForDeploymentPostprocessing = 0;
		};
		4FB35A6B1FEF9230005BBFD9 /* Frameworks */ = {
			isa = PBXFrameworksBuildPhase;
			buildActionMask = 2147483647;
			files = (
			);
			runOnlyForDeploymentPostprocessing = 0;
		};
		4FB35A761FEF9230005BBFD9 /* Frameworks */ = {
			isa = PBXFrameworksBuildPhase;
			buildActionMask = 2147483647;
			files = (
			);
			runOnlyForDeploymentPostprocessing = 0;
		};
/* End PBXFrameworksBuildPhase section */

/* Begin PBXGroup section */
		4FB35A4E1FEF9230005BBFD9 = {
			isa = PBXGroup;
			children = (
				4FB35A591FEF9230005BBFD9 /* Slider */,
				4FB35A711FEF9230005BBFD9 /* SliderTests */,
				4FB35A7C1FEF9230005BBFD9 /* SliderUITests */,
				4FB35A581FEF9230005BBFD9 /* Products */,
			);
			sourceTree = "<group>";
		};
		4FB35A581FEF9230005BBFD9 /* Products */ = {
			isa = PBXGroup;
			children = (
				4FB35A571FEF9230005BBFD9 /* Slider.app */,
				4FB35A6E1FEF9230005BBFD9 /* SliderTests.xctest */,
				4FB35A791FEF9230005BBFD9 /* SliderUITests.xctest */,
			);
			name = Products;
			sourceTree = "<group>";
		};
		4FB35A591FEF9230005BBFD9 /* Slider */ = {
			isa = PBXGroup;
			children = (
				4FB35A5A1FEF9230005BBFD9 /* AppDelegate.swift */,
				4FB35A5C1FEF9230005BBFD9 /* ViewController.swift */,
				4FB35A5E1FEF9230005BBFD9 /* Main.storyboard */,
				4FB35A641FEF9230005BBFD9 /* Assets.xcassets */,
				4FB35A661FEF9230005BBFD9 /* LaunchScreen.storyboard */,
				4FB35A691FEF9230005BBFD9 /* Info.plist */,
				4FB35A611FEF9230005BBFD9 /* Slider.xcdatamodeld */,
			);
			path = Slider;
			sourceTree = "<group>";
		};
		4FB35A711FEF9230005BBFD9 /* SliderTests */ = {
			isa = PBXGroup;
			children = (
				4FB35A721FEF9230005BBFD9 /* SliderTests.swift */,
				4FB35A741FEF9230005BBFD9 /* Info.plist */,
			);
			path = SliderTests;
			sourceTree = "<group>";
		};
		4FB35A7C1FEF9230005BBFD9 /* SliderUITests */ = {
			isa = PBXGroup;
			children = (
				4FB35A7D1FEF9230005BBFD9 /* SliderUITests.swift */,
				4FB35A7F1FEF9230005BBFD9 /* Info.plist */,
			);
			path = SliderUITests;
			sourceTree = "<group>";
		};
/* End PBXGroup section */

/* Begin PBXNativeTarget section */
		4FB35A561FEF9230005BBFD9 /* Slider */ = {
			isa = PBXNativeTarget;
			buildConfigurationList = 4FB35A821FEF9230005BBFD9 /* Build configuration list for PBXNativeTarget "Slider" */;
			buildPhases = (
				4FB35A531FEF9230005BBFD9 /* Sources */,
				4FB35A541FEF9230005BBFD9 /* Frameworks */,
				4FB35A551FEF9230005BBFD9 /* Resources */,
			);
			buildRules = (
			);
			dependencies = (
			);
			name = Slider;
			productName = Slider;
			productReference = 4FB35A571FEF9230005BBFD9 /* Slider.app */;
			productType = "com.apple.product-type.application";
		};
		4FB35A6D1FEF9230005BBFD9 /* SliderTests */ = {
			isa = PBXNativeTarget;
			buildConfigurationList = 4FB35A851FEF9230005BBFD9 /* Build configuration list for PBXNativeTarget "SliderTests" */;
			buildPhases = (
				4FB35A6A1FEF9230005BBFD9 /* Sources */,
				4FB35A6B1FEF9230005BBFD9 /* Frameworks */,
				4FB35A6C1FEF9230005BBFD9 /* Resources */,
			);
			buildRules = (
			);
			dependencies = (
				4FB35A701FEF9230005BBFD9 /* PBXTargetDependency */,
			);
			name = SliderTests;
			productName = SliderTests;
			productReference = 4FB35A6E1FEF9230005BBFD9 /* SliderTests.xctest */;
			productType = "com.apple.product-type.bundle.unit-test";
		};
		4FB35A781FEF9230005BBFD9 /* SliderUITests */ = {
			isa = PBXNativeTarget;
			buildConfigurationList = 4FB35A881FEF9230005BBFD9 /* Build configuration list for PBXNativeTarget "SliderUITests" */;
			buildPhases = (
				4FB35A751FEF9230005BBFD9 /* Sources */,
				4FB35A761FEF9230005BBFD9 /* Frameworks */,
				4FB35A771FEF9230005BBFD9 /* Resources */,
			);
			buildRules = (
			);
			dependencies = (
				4FB35A7B1FEF9230005BBFD9 /* PBXTargetDependency */,
			);
			name = SliderUITests;
			productName = SliderUITests;
			productReference = 4FB35A791FEF9230005BBFD9 /* SliderUITests.xctest */;
			productType = "com.apple.product-type.bundle.ui-testing";
		};
/* End PBXNativeTarget section */

/* Begin PBXProject section */
		4FB35A4F1FEF9230005BBFD9 /* Project object */ = {
			isa = PBXProject;
			attributes = {
				LastSwiftUpdateCheck = 0910;
				LastUpgradeCheck = 0910;
				ORGANIZATIONNAME = ojou;
				TargetAttributes = {
					4FB35A561FEF9230005BBFD9 = {
						CreatedOnToolsVersion = 9.1;
						ProvisioningStyle = Automatic;
					};
					4FB35A6D1FEF9230005BBFD9 = {
						CreatedOnToolsVersion = 9.1;
						ProvisioningStyle = Automatic;
						TestTargetID = 4FB35A561FEF9230005BBFD9;
					};
					4FB35A781FEF9230005BBFD9 = {
						CreatedOnToolsVersion = 9.1;
						ProvisioningStyle = Automatic;
						TestTargetID = 4FB35A561FEF9230005BBFD9;
					};
				};
			};
			buildConfigurationList = 4FB35A521FEF9230005BBFD9 /* Build configuration list for PBXProject "Slider" */;
			compatibilityVersion = "Xcode 8.0";
			developmentRegion = en;
			hasScannedForEncodings = 0;
			knownRegions = (
				en,
				Base,
			);
			mainGroup = 4FB35A4E1FEF9230005BBFD9;
			productRefGroup = 4FB35A581FEF9230005BBFD9 /* Products */;
			projectDirPath = "";
			projectRoot = "";
			targets = (
				4FB35A561FEF9230005BBFD9 /* Slider */,
				4FB35A6D1FEF9230005BBFD9 /* SliderTests */,
				4FB35A781FEF9230005BBFD9 /* SliderUITests */,
			);
		};
/* End PBXProject section */

/* Begin PBXResourcesBuildPhase section */
		4FB35A551FEF9230005BBFD9 /* Resources */ = {
			isa = PBXResourcesBuildPhase;
			buildActionMask = 2147483647;
			files = (
				4FB35A681FEF9230005BBFD9 /* LaunchScreen.storyboard in Resources */,
				4FB35A651FEF9230005BBFD9 /* Assets.xcassets in Resources */,
				4FB35A601FEF9230005BBFD9 /* Main.storyboard in Resources */,
			);
			runOnlyForDeploymentPostprocessing = 0;
		};
		4FB35A6C1FEF9230005BBFD9 /* Resources */ = {
			isa = PBXResourcesBuildPhase;
			buildActionMask = 2147483647;
			files = (
			);
			runOnlyForDeploymentPostprocessing = 0;
		};
		4FB35A771FEF9230005BBFD9 /* Resources */ = {
			isa = PBXResourcesBuildPhase;
			buildActionMask = 2147483647;
			files = (
			);
			runOnlyForDeploymentPostprocessing = 0;
		};
/* End PBXResourcesBuildPhase section */

/* Begin PBXSourcesBuildPhase section */
		4FB35A531FEF9230005BBFD9 /* Sources */ = {
			isa = PBXSourcesBuildPhase;
			buildActionMask = 2147483647;
			files = (
				4FB35A5D1FEF9230005BBFD9 /* ViewController.swift in Sources */,
				4FB35A631FEF9230005BBFD9 /* Slider.xcdatamodeld in Sources */,
				4FB35A5B1FEF9230005BBFD9 /* AppDelegate.swift in Sources */,
			);
			runOnlyForDeploymentPostprocessing = 0;
		};
		4FB35A6A1FEF9230005BBFD9 /* Sources */ = {
			isa = PBXSourcesBuildPhase;
			buildActionMask = 2147483647;
			files = (
				4FB35A731FEF9230005BBFD9 /* SliderTests.swift in Sources */,
			);
			runOnlyForDeploymentPostprocessing = 0;
		};
		4FB35A751FEF9230005BBFD9 /* Sources */ = {
			isa = PBXSourcesBuildPhase;
			buildActionMask = 2147483647;
			files = (
				4FB35A7E1FEF9230005BBFD9 /* SliderUITests.swift in Sources */,
			);
			runOnlyForDeploymentPostprocessing = 0;
		};
/* End PBXSourcesBuildPhase section */

/* Begin PBXTargetDependency section */
		4FB35A701FEF9230005BBFD9 /* PBXTargetDependency */ = {
			isa = PBXTargetDependency;
			target = 4FB35A561FEF9230005BBFD9 /* Slider */;
			targetProxy = 4FB35A6F1FEF9230005BBFD9 /* PBXContainerItemProxy */;
		};
		4FB35A7B1FEF9230005BBFD9 /* PBXTargetDependency */ = {
			isa = PBXTargetDependency;
			target = 4FB35A561FEF9230005BBFD9 /* Slider */;
			targetProxy = 4FB35A7A1FEF9230005BBFD9 /* PBXContainerItemProxy */;
		};
/* End PBXTargetDependency section */

/* Begin PBXVariantGroup section */
		4FB35A5E1FEF9230005BBFD9 /* Main.storyboard */ = {
			isa = PBXVariantGroup;
			children = (
				4FB35A5F1FEF9230005BBFD9 /* Base */,
			);
			name = Main.storyboard;
			sourceTree = "<group>";
		};
		4FB35A661FEF9230005BBFD9 /* LaunchScreen.storyboard */ = {
			isa = PBXVariantGroup;
			children = (
				4FB35A671FEF9230005BBFD9 /* Base */,
			);
			name = LaunchScreen.storyboard;
			sourceTree = "<group>";
		};
/* End PBXVariantGroup section */

/* Begin XCBuildConfiguration section */
		4FB35A801FEF9230005BBFD9 /* Debug */ = {
			isa = XCBuildConfiguration;
			buildSettings = {
				ALWAYS_SEARCH_USER_PATHS = NO;
				CLANG_ANALYZER_NONNULL = YES;
				CLANG_ANALYZER_NUMBER_OBJECT_CONVERSION = YES_AGGRESSIVE;
				CLANG_CXX_LANGUAGE_STANDARD = "gnu++14";
				CLANG_CXX_LIBRARY = "libc++";
				CLANG_ENABLE_MODULES = YES;
				CLANG_ENABLE_OBJC_ARC = YES;
				CLANG_WARN_BLOCK_CAPTURE_AUTORELEASING = YES;
				CLANG_WARN_BOOL_CONVERSION = YES;
				CLANG_WARN_COMMA = YES;
				CLANG_WARN_CONSTANT_CONVERSION = YES;
				CLANG_WARN_DIRECT_OBJC_ISA_USAGE = YES_ERROR;
				CLANG_WARN_DOCUMENTATION_COMMENTS = YES;
				CLANG_WARN_EMPTY_BODY = YES;
				CLANG_WARN_ENUM_CONVERSION = YES;
				CLANG_WARN_INFINITE_RECURSION = YES;
				CLANG_WARN_INT_CONVERSION = YES;
				CLANG_WARN_NON_LITERAL_NULL_CONVERSION = YES;
				CLANG_WARN_OBJC_LITERAL_CONVERSION = YES;
				CLANG_WARN_OBJC_ROOT_CLASS = YES_ERROR;
				CLANG_WARN_RANGE_LOOP_ANALYSIS = YES;
				CLANG_WARN_STRICT_PROTOTYPES = YES;
				CLANG_WARN_SUSPICIOUS_MOVE = YES;
				CLANG_WARN_UNGUARDED_AVAILABILITY = YES_AGGRESSIVE;
				CLANG_WARN_UNREACHABLE_CODE = YES;
				CLANG_WARN__DUPLICATE_METHOD_MATCH = YES;
				CODE_SIGN_IDENTITY = "iPhone Developer";
				COPY_PHASE_STRIP = NO;
				DEBUG_INFORMATION_FORMAT = dwarf;
				ENABLE_STRICT_OBJC_MSGSEND = YES;
				ENABLE_TESTABILITY = YES;
				GCC_C_LANGUAGE_STANDARD = gnu11;
				GCC_DYNAMIC_NO_PIC = NO;
				GCC_NO_COMMON_BLOCKS = YES;
				GCC_OPTIMIZATION_LEVEL = 0;
				GCC_PREPROCESSOR_DEFINITIONS = (
					"DEBUG=1",
					"$(inherited)",
				);
				GCC_WARN_64_TO_32_BIT_CONVERSION = YES;
				GCC_WARN_ABOUT_RETURN_TYPE = YES_ERROR;
				GCC_WARN_UNDECLARED_SELECTOR = YES;
				GCC_WARN_UNINITIALIZED_AUTOS = YES_AGGRESSIVE;
				GCC_WARN_UNUSED_FUNCTION = YES;
				GCC_WARN_UNUSED_VARIABLE = YES;
				IPHONEOS_DEPLOYMENT_TARGET = 11.1;
				MTL_ENABLE_DEBUG_INFO = YES;
				ONLY_ACTIVE_ARCH = YES;
				SDKROOT = iphoneos;
				SWIFT_ACTIVE_COMPILATION_CONDITIONS = DEBUG;
				SWIFT_OPTIMIZATION_LEVEL = "-Onone";
			};
			name = Debug;
		};
		4FB35A811FEF9230005BBFD9 /* Release */ = {
			isa = XCBuildConfiguration;
			buildSettings = {
				ALWAYS_SEARCH_USER_PATHS = NO;
				CLANG_ANALYZER_NONNULL = YES;
				CLANG_ANALYZER_NUMBER_OBJECT_CONVERSION = YES_AGGRESSIVE;
				CLANG_CXX_LANGUAGE_STANDARD = "gnu++14";
				CLANG_CXX_LIBRARY = "libc++";
				CLANG_ENABLE_MODULES = YES;
				CLANG_ENABLE_OBJC_ARC = YES;
				CLANG_WARN_BLOCK_CAPTURE_AUTORELEASING = YES;
				CLANG_WARN_BOOL_CONVERSION = YES;
				CLANG_WARN_COMMA = YES;
				CLANG_WARN_CONSTANT_CONVERSION = YES;
				CLANG_WARN_DIRECT_OBJC_ISA_USAGE = YES_ERROR;
				CLANG_WARN_DOCUMENTATION_COMMENTS = YES;
				CLANG_WARN_EMPTY_BODY = YES;
				CLANG_WARN_ENUM_CONVERSION = YES;
				CLANG_WARN_INFINITE_RECURSION = YES;
				CLANG_WARN_INT_CONVERSION = YES;
				CLANG_WARN_NON_LITERAL_NULL_CONVERSION = YES;
				CLANG_WARN_OBJC_LITERAL_CONVERSION = YES;
				CLANG_WARN_OBJC_ROOT_CLASS = YES_ERROR;
				CLANG_WARN_RANGE_LOOP_ANALYSIS = YES;
				CLANG_WARN_STRICT_PROTOTYPES = YES;
				CLANG_WARN_SUSPICIOUS_MOVE = YES;
				CLANG_WARN_UNGUARDED_AVAILABILITY = YES_AGGRESSIVE;
				CLANG_WARN_UNREACHABLE_CODE = YES;
				CLANG_WARN__DUPLICATE_METHOD_MATCH = YES;
				CODE_SIGN_IDENTITY = "iPhone Developer";
				COPY_PHASE_STRIP = NO;
				DEBUG_INFORMATION_FORMAT = "dwarf-with-dsym";
				ENABLE_NS_ASSERTIONS = NO;
				ENABLE_STRICT_OBJC_MSGSEND = YES;
				GCC_C_LANGUAGE_STANDARD = gnu11;
				GCC_NO_COMMON_BLOCKS = YES;
				GCC_WARN_64_TO_32_BIT_CONVERSION = YES;
				GCC_WARN_ABOUT_RETURN_TYPE = YES_ERROR;
				GCC_WARN_UNDECLARED_SELECTOR = YES;
				GCC_WARN_UNINITIALIZED_AUTOS = YES_AGGRESSIVE;
				GCC_WARN_UNUSED_FUNCTION = YES;
				GCC_WARN_UNUSED_VARIABLE = YES;
				IPHONEOS_DEPLOYMENT_TARGET = 11.1;
				MTL_ENABLE_DEBUG_INFO = NO;
				SDKROOT = iphoneos;
				SWIFT_OPTIMIZATION_LEVEL = "-Owholemodule";
				VALIDATE_PRODUCT = YES;
			};
			name = Release;
		};
		4FB35A831FEF9230005BBFD9 /* Debug */ = {
			isa = XCBuildConfiguration;
			buildSettings = {
				ASSETCATALOG_COMPILER_APPICON_NAME = AppIcon;
				CODE_SIGN_STYLE = Automatic;
				INFOPLIST_FILE = Slider/Info.plist;
				LD_RUNPATH_SEARCH_PATHS = "$(inherited) @executable_path/Frameworks";
				PRODUCT_BUNDLE_IDENTIFIER = com.google.weta00com.Slider;
				PRODUCT_NAME = "$(TARGET_NAME)";
				SWIFT_VERSION = 4.0;
				TARGETED_DEVICE_FAMILY = "1,2";
			};
			name = Debug;
		};
		4FB35A841FEF9230005BBFD9 /* Release */ = {
			isa = XCBuildConfiguration;
			buildSettings = {
				ASSETCATALOG_COMPILER_APPICON_NAME = AppIcon;
				CODE_SIGN_STYLE = Automatic;
				INFOPLIST_FILE = Slider/Info.plist;
				LD_RUNPATH_SEARCH_PATHS = "$(inherited) @executable_path/Frameworks";
				PRODUCT_BUNDLE_IDENTIFIER = com.google.weta00com.Slider;
				PRODUCT_NAME = "$(TARGET_NAME)";
				SWIFT_VERSION = 4.0;
				TARGETED_DEVICE_FAMILY = "1,2";
			};
			name = Release;
		};
		4FB35A861FEF9230005BBFD9 /* Debug */ = {
			isa = XCBuildConfiguration;
			buildSettings = {
				ALWAYS_EMBED_SWIFT_STANDARD_LIBRARIES = YES;
				BUNDLE_LOADER = "$(TEST_HOST)";
				CODE_SIGN_STYLE = Automatic;
				INFOPLIST_FILE = SliderTests/Info.plist;
				LD_RUNPATH_SEARCH_PATHS = "$(inherited) @executable_path/Frameworks @loader_path/Frameworks";
				PRODUCT_BUNDLE_IDENTIFIER = com.google.weta00com.SliderTests;
				PRODUCT_NAME = "$(TARGET_NAME)";
				SWIFT_VERSION = 4.0;
				TARGETED_DEVICE_FAMILY = "1,2";
				TEST_HOST = "$(BUILT_PRODUCTS_DIR)/Slider.app/Slider";
			};
			name = Debug;
		};
		4FB35A871FEF9230005BBFD9 /* Release */ = {
			isa = XCBuildConfiguration;
			buildSettings = {
				ALWAYS_EMBED_SWIFT_STANDARD_LIBRARIES = YES;
				BUNDLE_LOADER = "$(TEST_HOST)";
				CODE_SIGN_STYLE = Automatic;
				INFOPLIST_FILE = SliderTests/Info.plist;
				LD_RUNPATH_SEARCH_PATHS = "$(inherited) @executable_path/Frameworks @loader_path/Frameworks";
				PRODUCT_BUNDLE_IDENTIFIER = com.google.weta00com.SliderTests;
				PRODUCT_NAME = "$(TARGET_NAME)";
				SWIFT_VERSION = 4.0;
				TARGETED_DEVICE_FAMILY = "1,2";
				TEST_HOST = "$(BUILT_PRODUCTS_DIR)/Slider.app/Slider";
			};
			name = Release;
		};
		4FB35A891FEF9230005BBFD9 /* Debug */ = {
			isa = XCBuildConfiguration;
			buildSettings = {
				ALWAYS_EMBED_SWIFT_STANDARD_LIBRARIES = YES;
				CODE_SIGN_STYLE = Automatic;
				INFOPLIST_FILE = SliderUITests/Info.plist;
				LD_RUNPATH_SEARCH_PATHS = "$(inherited) @executable_path/Frameworks @loader_path/Frameworks";
				PRODUCT_BUNDLE_IDENTIFIER = com.google.weta00com.SliderUITests;
				PRODUCT_NAME = "$(TARGET_NAME)";
				SWIFT_VERSION = 4.0;
				TARGETED_DEVICE_FAMILY = "1,2";
				TEST_TARGET_NAME = Slider;
			};
			name = Debug;
		};
		4FB35A8A1FEF9230005BBFD9 /* Release */ = {
			isa = XCBuildConfiguration;
			buildSettings = {
				ALWAYS_EMBED_SWIFT_STANDARD_LIBRARIES = YES;
				CODE_SIGN_STYLE = Automatic;
				INFOPLIST_FILE = SliderUITests/Info.plist;
				LD_RUNPATH_SEARCH_PATHS = "$(inherited) @executable_path/Frameworks @loader_path/Frameworks";
				PRODUCT_BUNDLE_IDENTIFIER = com.google.weta00com.SliderUITests;
				PRODUCT_NAME = "$(TARGET_NAME)";
				SWIFT_VERSION = 4.0;
				TARGETED_DEVICE_FAMILY = "1,2";
				TEST_TARGET_NAME = Slider;
			};
			name = Release;
		};
/* End XCBuildConfiguration section */

/* Begin XCConfigurationList section */
		4FB35A521FEF9230005BBFD9 /* Build configuration list for PBXProject "Slider" */ = {
			isa = XCConfigurationList;
			buildConfigurations = (
				4FB35A801FEF9230005BBFD9 /* Debug */,
				4FB35A811FEF9230005BBFD9 /* Release */,
			);
			defaultConfigurationIsVisible = 0;
			defaultConfigurationName = Release;
		};
		4FB35A821FEF9230005BBFD9 /* Build configuration list for PBXNativeTarget "Slider" */ = {
			isa = XCConfigurationList;
			buildConfigurations = (
				4FB35A831FEF9230005BBFD9 /* Debug */,
				4FB35A841FEF9230005BBFD9 /* Release */,
			);
			defaultConfigurationIsVisible = 0;
			defaultConfigurationName = Release;
		};
		4FB35A851FEF9230005BBFD9 /* Build configuration list for PBXNativeTarget "SliderTests" */ = {
			isa = XCConfigurationList;
			buildConfigurations = (
				4FB35A861FEF9230005BBFD9 /* Debug */,
				4FB35A871FEF9230005BBFD9 /* Release */,
			);
			defaultConfigurationIsVisible = 0;
			defaultConfigurationName = Release;
		};
		4FB35A881FEF9230005BBFD9 /* Build configuration list for PBXNativeTarget "SliderUITests" */ = {
			isa = XCConfigurationList;
			buildConfigurations = (
				4FB35A891FEF9230005BBFD9 /* Debug */,
				4FB35A8A1FEF9230005BBFD9 /* Release */,
			);
			defaultConfigurationIsVisible = 0;
			defaultConfigurationName = Release;
		};
/* End XCConfigurationList section */

/* Begin XCVersionGroup section */
		4FB35A611FEF9230005BBFD9 /* Slider.xcdatamodeld */ = {
			isa = XCVersionGroup;
			children = (
				4FB35A621FEF9230005BBFD9 /* Slider.xcdatamodel */,
			);
			currentVersion = 4FB35A621FEF9230005BBFD9 /* Slider.xcdatamodel */;
			path = Slider.xcdatamodeld;
			sourceTree = "<group>";
			versionGroupType = wrapper.xcdatamodel;
		};
/* End XCVersionGroup section */
	};
	rootObject = 4FB35A4F1FEF9230005BBFD9 /* Project object */;
}
